
Microsoft Visual Studio Solution File, Format Version 12.00
# Visual Studio Version 17
VisualStudioVersion = 17.4.33110.190
MinimumVisualStudioVersion = 10.0.40219.1
Project("{FAE04EC0-301F-11D3-BF4B-00C04F79EFBC}") = "DB Project", "DB Project\DB Project.csproj", "{42E060C6-DA68-4428-9252-0EE6283C464F}"
EndProject
Global
	GlobalSection(SolutionConfigurationPlatforms) = preSolution
		Debug|Any CPU = Debug|Any CPU
		Release|Any CPU = Release|Any CPU
	EndGlobalSection
	GlobalSection(ProjectConfigurationPlatforms) = postSolution
		{42E060C6-DA68-4428-9252-0EE6283C464F}.Debug|Any CPU.ActiveCfg = Debug|Any CPU
		{42E060C6-DA68-4428-9252-0EE6283C464F}.Debug|Any CPU.Build.0 = Debug|Any CPU
		{42E060C6-DA68-4428-9252-0EE6283C464F}.Release|Any CPU.ActiveCfg = Release|Any CPU
		{42E060C6-DA68-4428-9252-0EE6283C464F}.Release|Any CPU.Build.0 = Release|Any CPU
	EndGlobalSection
	GlobalSection(SolutionProperties) = preSolution
		HideSolutionNode = FALSE
	EndGlobalSection
	GlobalSection(ExtensibilityGlobals) = postSolution
		SolutionGuid = {427E272E-F44A-425F-A948-B6B9C817BA55}
	EndGlobalSection
EndGlobal
